
Microsoft Visual Studio Solution File, Format Version 12.00
# Visual Studio 15
VisualStudioVersion = 15.0.27428.2037
MinimumVisualStudioVersion = 10.0.40219.1
Project("{FAE04EC0-301F-11D3-BF4B-00C04F79EFBC}") = "MinhaAplicacao1", "MinhaAplicacao1\MinhaAplicacao1.csproj", "{2045D56B-4470-468C-A679-49C3BCCFFC21}"
EndProject
Global
	GlobalSection(SolutionConfigurationPlatforms) = preSolution
		Debug|Any CPU = Debug|Any CPU
		Release|Any CPU = Release|Any CPU
	EndGlobalSection
	GlobalSection(ProjectConfigurationPlatforms) = postSolution
		{2045D56B-4470-468C-A679-49C3BCCFFC21}.Debug|Any CPU.ActiveCfg = Debug|Any CPU
		{2045D56B-4470-468C-A679-49C3BCCFFC21}.Debug|Any CPU.Build.0 = Debug|Any CPU
		{2045D56B-4470-468C-A679-49C3BCCFFC21}.Release|Any CPU.ActiveCfg = Release|Any CPU
		{2045D56B-4470-468C-A679-49C3BCCFFC21}.Release|Any CPU.Build.0 = Release|Any CPU
	EndGlobalSection
	GlobalSection(SolutionProperties) = preSolution
		HideSolutionNode = FALSE
	EndGlobalSection
	GlobalSection(ExtensibilityGlobals) = postSolution
		SolutionGuid = {19F7FA5A-4917-4C34-B43A-1608EFBE606F}
	EndGlobalSection
EndGlobal
